
Microsoft Visual Studio Solution File, Format Version 12.00
# Visual Studio Version 17
VisualStudioVersion = 17.7.34302.85
MinimumVisualStudioVersion = 10.0.40219.1
Project("{FAE04EC0-301F-11D3-BF4B-00C04F79EFBC}") = "Api", "Api\Api.csproj", "{31F81C19-217C-4840-ABA2-0848226CD74B}"
EndProject
Project("{FAE04EC0-301F-11D3-BF4B-00C04F79EFBC}") = "Lib", "Lib\Lib.csproj", "{2E5C43B1-9984-464D-94AE-1B40F69B55F6}"
EndProject
Project("{FAE04EC0-301F-11D3-BF4B-00C04F79EFBC}") = "AnotherApi", "AnotherApi\AnotherApi.csproj", "{716370C2-2A5F-4C60-91DA-271684474306}"
EndProject
Global
	GlobalSection(SolutionConfigurationPlatforms) = preSolution
		Debug|Any CPU = Debug|Any CPU
		Release|Any CPU = Release|Any CPU
	EndGlobalSection
	GlobalSection(ProjectConfigurationPlatforms) = postSolution
		{31F81C19-217C-4840-ABA2-0848226CD74B}.Debug|Any CPU.ActiveCfg = Debug|Any CPU
		{31F81C19-217C-4840-ABA2-0848226CD74B}.Debug|Any CPU.Build.0 = Debug|Any CPU
		{31F81C19-217C-4840-ABA2-0848226CD74B}.Release|Any CPU.ActiveCfg = Release|Any CPU
		{31F81C19-217C-4840-ABA2-0848226CD74B}.Release|Any CPU.Build.0 = Release|Any CPU
		{2E5C43B1-9984-464D-94AE-1B40F69B55F6}.Debug|Any CPU.ActiveCfg = Debug|Any CPU
		{2E5C43B1-9984-464D-94AE-1B40F69B55F6}.Debug|Any CPU.Build.0 = Debug|Any CPU
		{2E5C43B1-9984-464D-94AE-1B40F69B55F6}.Release|Any CPU.ActiveCfg = Release|Any CPU
		{2E5C43B1-9984-464D-94AE-1B40F69B55F6}.Release|Any CPU.Build.0 = Release|Any CPU
		{716370C2-2A5F-4C60-91DA-271684474306}.Debug|Any CPU.ActiveCfg = Debug|Any CPU
		{716370C2-2A5F-4C60-91DA-271684474306}.Debug|Any CPU.Build.0 = Debug|Any CPU
		{716370C2-2A5F-4C60-91DA-271684474306}.Release|Any CPU.ActiveCfg = Release|Any CPU
		{716370C2-2A5F-4C60-91DA-271684474306}.Release|Any CPU.Build.0 = Release|Any CPU
	EndGlobalSection
	GlobalSection(SolutionProperties) = preSolution
		HideSolutionNode = FALSE
	EndGlobalSection
	GlobalSection(ExtensibilityGlobals) = postSolution
		SolutionGuid = {8174DE66-FD1B-4002-B14C-26FEB1C7A91F}
	EndGlobalSection
EndGlobal
